
Microsoft Visual Studio Solution File, Format Version 12.00
# Visual Studio Version 17
VisualStudioVersion = 17.0.32126.317
MinimumVisualStudioVersion = 10.0.40219.1
Project("{9A19103F-16F7-4668-BE54-9A1E7A4F7556}") = "TheBillboard.MVC", "TheBillboard\TheBillboard.MVC.csproj", "{9F524A19-D86A-450F-9242-0518A72334EF}"
EndProject
Project("{FAE04EC0-301F-11D3-BF4B-00C04F79EFBC}") = "TheBillboard.API", "TheBillboard.API\TheBillboard.API.csproj", "{98AEB8D6-D83F-48EF-90FE-7025848E7120}"
EndProject
Project("{FAE04EC0-301F-11D3-BF4B-00C04F79EFBC}") = "TheBillboard.APP", "TheBillboard.APP\TheBillboard.APP.csproj", "{B29C4450-5A78-40FB-A166-11D8EFE67140}"
EndProject
Global
	GlobalSection(SolutionConfigurationPlatforms) = preSolution
		Debug|Any CPU = Debug|Any CPU
		Release|Any CPU = Release|Any CPU
	EndGlobalSection
	GlobalSection(ProjectConfigurationPlatforms) = postSolution
		{9F524A19-D86A-450F-9242-0518A72334EF}.Debug|Any CPU.ActiveCfg = Debug|Any CPU
		{9F524A19-D86A-450F-9242-0518A72334EF}.Debug|Any CPU.Build.0 = Debug|Any CPU
		{9F524A19-D86A-450F-9242-0518A72334EF}.Release|Any CPU.ActiveCfg = Release|Any CPU
		{9F524A19-D86A-450F-9242-0518A72334EF}.Release|Any CPU.Build.0 = Release|Any CPU
		{98AEB8D6-D83F-48EF-90FE-7025848E7120}.Debug|Any CPU.ActiveCfg = Debug|Any CPU
		{98AEB8D6-D83F-48EF-90FE-7025848E7120}.Debug|Any CPU.Build.0 = Debug|Any CPU
		{98AEB8D6-D83F-48EF-90FE-7025848E7120}.Release|Any CPU.ActiveCfg = Release|Any CPU
		{98AEB8D6-D83F-48EF-90FE-7025848E7120}.Release|Any CPU.Build.0 = Release|Any CPU
		{B29C4450-5A78-40FB-A166-11D8EFE67140}.Debug|Any CPU.ActiveCfg = Debug|Any CPU
		{B29C4450-5A78-40FB-A166-11D8EFE67140}.Debug|Any CPU.Build.0 = Debug|Any CPU
		{B29C4450-5A78-40FB-A166-11D8EFE67140}.Release|Any CPU.ActiveCfg = Release|Any CPU
		{B29C4450-5A78-40FB-A166-11D8EFE67140}.Release|Any CPU.Build.0 = Release|Any CPU
	EndGlobalSection
	GlobalSection(SolutionProperties) = preSolution
		HideSolutionNode = FALSE
	EndGlobalSection
	GlobalSection(ExtensibilityGlobals) = postSolution
		SolutionGuid = {C4FD94DE-7A4C-424E-8EC7-FC7602121AFF}
	EndGlobalSection
EndGlobal
